
Microsoft Visual Studio Solution File, Format Version 12.00
# Visual Studio Version 16
VisualStudioVersion = 16.0.29926.136
MinimumVisualStudioVersion = 10.0.40219.1
Project("{FAE04EC0-301F-11D3-BF4B-00C04F79EFBC}") = "PCLabs.Helpers", "PCLabs.Helpers\PCLabs.Helpers.csproj", "{A4382948-A1B2-4753-8EE0-AFC7E053D4D9}"
EndProject
Project("{FAE04EC0-301F-11D3-BF4B-00C04F79EFBC}") = "PCLabs.Lab1", "PCLabs.Lab1\PCLabs.Lab1.csproj", "{0EDBC4CC-1BE8-4518-9178-0F2D0540AA4E}"
EndProject
Project("{FAE04EC0-301F-11D3-BF4B-00C04F79EFBC}") = "PCLabs.Init", "PCLabs.Init\PCLabs.Init.csproj", "{5CB6E3EB-0BB2-4C5F-8D01-9CCB3A1ABCA2}"
EndProject
Project("{FAE04EC0-301F-11D3-BF4B-00C04F79EFBC}") = "PCLabs.Lab2", "PCLabs.Lab2\PCLabs.Lab2.csproj", "{63787127-1BE8-4C21-928A-DD820ED983F4}"
EndProject
Project("{2150E333-8FDC-42A3-9474-1A3956D46DE8}") = "Helpers", "Helpers", "{F102EF86-EE70-4C67-87EB-00A03B855704}"
EndProject
Project("{2150E333-8FDC-42A3-9474-1A3956D46DE8}") = "Init", "Init", "{6E5F018D-103E-45FB-9C97-788D799040B5}"
EndProject
Project("{2150E333-8FDC-42A3-9474-1A3956D46DE8}") = "Labs", "Labs", "{4E38C671-7216-4DDB-BEDD-ECF71FEB4097}"
EndProject
Project("{FAE04EC0-301F-11D3-BF4B-00C04F79EFBC}") = "PCLabs.Lab3", "PCLabs.Lab3\PCLabs.Lab3.csproj", "{81DB30D7-50A0-47B9-B595-C9D8A8E41667}"
EndProject
Project("{FAE04EC0-301F-11D3-BF4B-00C04F79EFBC}") = "PCLabs.Lab4", "PCLabs.Lab4\PCLabs.Lab4.csproj", "{D9C84B31-6016-494D-8746-D944300C604C}"
EndProject
Project("{FAE04EC0-301F-11D3-BF4B-00C04F79EFBC}") = "PCLabs.Lab5", "PCLabs.Lab5\PCLabs.Lab5.csproj", "{5D8DA582-7038-409C-A1A4-73E786FCC7E7}"
EndProject
Project("{FAE04EC0-301F-11D3-BF4B-00C04F79EFBC}") = "PCLabs.Lab6", "PCLabs.Lab6\PCLabs.Lab6.csproj", "{BAE6E126-F125-4018-BB05-87FB58B67648}"
EndProject
Global
	GlobalSection(SolutionConfigurationPlatforms) = preSolution
		Debug|Any CPU = Debug|Any CPU
		Release|Any CPU = Release|Any CPU
	EndGlobalSection
	GlobalSection(ProjectConfigurationPlatforms) = postSolution
		{A4382948-A1B2-4753-8EE0-AFC7E053D4D9}.Debug|Any CPU.ActiveCfg = Debug|Any CPU
		{A4382948-A1B2-4753-8EE0-AFC7E053D4D9}.Debug|Any CPU.Build.0 = Debug|Any CPU
		{A4382948-A1B2-4753-8EE0-AFC7E053D4D9}.Release|Any CPU.ActiveCfg = Release|Any CPU
		{A4382948-A1B2-4753-8EE0-AFC7E053D4D9}.Release|Any CPU.Build.0 = Release|Any CPU
		{0EDBC4CC-1BE8-4518-9178-0F2D0540AA4E}.Debug|Any CPU.ActiveCfg = Debug|Any CPU
		{0EDBC4CC-1BE8-4518-9178-0F2D0540AA4E}.Debug|Any CPU.Build.0 = Debug|Any CPU
		{0EDBC4CC-1BE8-4518-9178-0F2D0540AA4E}.Release|Any CPU.ActiveCfg = Release|Any CPU
		{0EDBC4CC-1BE8-4518-9178-0F2D0540AA4E}.Release|Any CPU.Build.0 = Release|Any CPU
		{5CB6E3EB-0BB2-4C5F-8D01-9CCB3A1ABCA2}.Debug|Any CPU.ActiveCfg = Debug|Any CPU
		{5CB6E3EB-0BB2-4C5F-8D01-9CCB3A1ABCA2}.Debug|Any CPU.Build.0 = Debug|Any CPU
		{5CB6E3EB-0BB2-4C5F-8D01-9CCB3A1ABCA2}.Release|Any CPU.ActiveCfg = Release|Any CPU
		{5CB6E3EB-0BB2-4C5F-8D01-9CCB3A1ABCA2}.Release|Any CPU.Build.0 = Release|Any CPU
		{63787127-1BE8-4C21-928A-DD820ED983F4}.Debug|Any CPU.ActiveCfg = Debug|Any CPU
		{63787127-1BE8-4C21-928A-DD820ED983F4}.Debug|Any CPU.Build.0 = Debug|Any CPU
		{63787127-1BE8-4C21-928A-DD820ED983F4}.Release|Any CPU.ActiveCfg = Release|Any CPU
		{63787127-1BE8-4C21-928A-DD820ED983F4}.Release|Any CPU.Build.0 = Release|Any CPU
		{81DB30D7-50A0-47B9-B595-C9D8A8E41667}.Debug|Any CPU.ActiveCfg = Debug|Any CPU
		{81DB30D7-50A0-47B9-B595-C9D8A8E41667}.Debug|Any CPU.Build.0 = Debug|Any CPU
		{81DB30D7-50A0-47B9-B595-C9D8A8E41667}.Release|Any CPU.ActiveCfg = Release|Any CPU
		{81DB30D7-50A0-47B9-B595-C9D8A8E41667}.Release|Any CPU.Build.0 = Release|Any CPU
		{D9C84B31-6016-494D-8746-D944300C604C}.Debug|Any CPU.ActiveCfg = Debug|Any CPU
		{D9C84B31-6016-494D-8746-D944300C604C}.Debug|Any CPU.Build.0 = Debug|Any CPU
		{D9C84B31-6016-494D-8746-D944300C604C}.Release|Any CPU.ActiveCfg = Release|Any CPU
		{D9C84B31-6016-494D-8746-D944300C604C}.Release|Any CPU.Build.0 = Release|Any CPU
		{5D8DA582-7038-409C-A1A4-73E786FCC7E7}.Debug|Any CPU.ActiveCfg = Debug|Any CPU
		{5D8DA582-7038-409C-A1A4-73E786FCC7E7}.Debug|Any CPU.Build.0 = Debug|Any CPU
		{5D8DA582-7038-409C-A1A4-73E786FCC7E7}.Release|Any CPU.ActiveCfg = Release|Any CPU
		{5D8DA582-7038-409C-A1A4-73E786FCC7E7}.Release|Any CPU.Build.0 = Release|Any CPU
		{BAE6E126-F125-4018-BB05-87FB58B67648}.Debug|Any CPU.ActiveCfg = Debug|Any CPU
		{BAE6E126-F125-4018-BB05-87FB58B67648}.Debug|Any CPU.Build.0 = Debug|Any CPU
		{BAE6E126-F125-4018-BB05-87FB58B67648}.Release|Any CPU.ActiveCfg = Release|Any CPU
		{BAE6E126-F125-4018-BB05-87FB58B67648}.Release|Any CPU.Build.0 = Release|Any CPU
	EndGlobalSection
	GlobalSection(SolutionProperties) = preSolution
		HideSolutionNode = FALSE
	EndGlobalSection
	GlobalSection(NestedProjects) = preSolution
		{A4382948-A1B2-4753-8EE0-AFC7E053D4D9} = {F102EF86-EE70-4C67-87EB-00A03B855704}
		{0EDBC4CC-1BE8-4518-9178-0F2D0540AA4E} = {4E38C671-7216-4DDB-BEDD-ECF71FEB4097}
		{5CB6E3EB-0BB2-4C5F-8D01-9CCB3A1ABCA2} = {6E5F018D-103E-45FB-9C97-788D799040B5}
		{63787127-1BE8-4C21-928A-DD820ED983F4} = {4E38C671-7216-4DDB-BEDD-ECF71FEB4097}
		{81DB30D7-50A0-47B9-B595-C9D8A8E41667} = {4E38C671-7216-4DDB-BEDD-ECF71FEB4097}
		{D9C84B31-6016-494D-8746-D944300C604C} = {4E38C671-7216-4DDB-BEDD-ECF71FEB4097}
		{5D8DA582-7038-409C-A1A4-73E786FCC7E7} = {4E38C671-7216-4DDB-BEDD-ECF71FEB4097}
		{BAE6E126-F125-4018-BB05-87FB58B67648} = {4E38C671-7216-4DDB-BEDD-ECF71FEB4097}
	EndGlobalSection
	GlobalSection(ExtensibilityGlobals) = postSolution
		SolutionGuid = {4C8292AC-EA70-4BEF-8FBC-762F5A06BC53}
	EndGlobalSection
EndGlobal
